
Microsoft Visual Studio Solution File, Format Version 12.00
Project("{FAE04EC0-301F-11D3-BF4B-00C04F79EFBC}") = "WebApp", "WebApp\WebApp.csproj", "{0A759A47-A5A5-4601-AA75-1B1BE06CA69C}"
EndProject
Project("{FAE04EC0-301F-11D3-BF4B-00C04F79EFBC}") = "Domain", "Domain\Domain.csproj", "{122A4AB5-3A91-464A-8554-59054CE39FE9}"
EndProject
Project("{2150E333-8FDC-42A3-9474-1A3956D46DE8}") = "Solution Items", "Solution Items", "{11D8A2CB-E5C6-473E-8997-96B72CCE1AD1}"
	ProjectSection(SolutionItems) = preProject
		Directory.Build.props = Directory.Build.props
		README.md = README.md
		.gitignore = .gitignore
	EndProjectSection
EndProject
Project("{FAE04EC0-301F-11D3-BF4B-00C04F79EFBC}") = "DAL.EF", "DAL.EF\DAL.EF.csproj", "{F46285D0-E42A-4F82-81C7-A867CC3BA671}"
EndProject
Project("{FAE04EC0-301F-11D3-BF4B-00C04F79EFBC}") = "BLL", "BLL\BLL.csproj", "{6D7BB1C7-BB87-41E0-9C5E-E6D38AEECE41}"
EndProject
Project("{FAE04EC0-301F-11D3-BF4B-00C04F79EFBC}") = "UnitTests", "UnitTests\UnitTests.csproj", "{ED2070E4-BC67-4E40-9BC8-39581F87748F}"
EndProject
Project("{FAE04EC0-301F-11D3-BF4B-00C04F79EFBC}") = "IntegrationTests", "IntegrationTests\IntegrationTests.csproj", "{DC711489-3976-4D8F-A259-3D27132BC283}"
EndProject
Global
	GlobalSection(SolutionConfigurationPlatforms) = preSolution
		Debug|Any CPU = Debug|Any CPU
		Release|Any CPU = Release|Any CPU
	EndGlobalSection
	GlobalSection(ProjectConfigurationPlatforms) = postSolution
		{0A759A47-A5A5-4601-AA75-1B1BE06CA69C}.Debug|Any CPU.ActiveCfg = Debug|Any CPU
		{0A759A47-A5A5-4601-AA75-1B1BE06CA69C}.Debug|Any CPU.Build.0 = Debug|Any CPU
		{0A759A47-A5A5-4601-AA75-1B1BE06CA69C}.Release|Any CPU.ActiveCfg = Release|Any CPU
		{0A759A47-A5A5-4601-AA75-1B1BE06CA69C}.Release|Any CPU.Build.0 = Release|Any CPU
		{122A4AB5-3A91-464A-8554-59054CE39FE9}.Debug|Any CPU.ActiveCfg = Debug|Any CPU
		{122A4AB5-3A91-464A-8554-59054CE39FE9}.Debug|Any CPU.Build.0 = Debug|Any CPU
		{122A4AB5-3A91-464A-8554-59054CE39FE9}.Release|Any CPU.ActiveCfg = Release|Any CPU
		{122A4AB5-3A91-464A-8554-59054CE39FE9}.Release|Any CPU.Build.0 = Release|Any CPU
		{F46285D0-E42A-4F82-81C7-A867CC3BA671}.Debug|Any CPU.ActiveCfg = Debug|Any CPU
		{F46285D0-E42A-4F82-81C7-A867CC3BA671}.Debug|Any CPU.Build.0 = Debug|Any CPU
		{F46285D0-E42A-4F82-81C7-A867CC3BA671}.Release|Any CPU.ActiveCfg = Release|Any CPU
		{F46285D0-E42A-4F82-81C7-A867CC3BA671}.Release|Any CPU.Build.0 = Release|Any CPU
		{6D7BB1C7-BB87-41E0-9C5E-E6D38AEECE41}.Debug|Any CPU.ActiveCfg = Debug|Any CPU
		{6D7BB1C7-BB87-41E0-9C5E-E6D38AEECE41}.Debug|Any CPU.Build.0 = Debug|Any CPU
		{6D7BB1C7-BB87-41E0-9C5E-E6D38AEECE41}.Release|Any CPU.ActiveCfg = Release|Any CPU
		{6D7BB1C7-BB87-41E0-9C5E-E6D38AEECE41}.Release|Any CPU.Build.0 = Release|Any CPU
		{ED2070E4-BC67-4E40-9BC8-39581F87748F}.Debug|Any CPU.ActiveCfg = Debug|Any CPU
		{ED2070E4-BC67-4E40-9BC8-39581F87748F}.Debug|Any CPU.Build.0 = Debug|Any CPU
		{ED2070E4-BC67-4E40-9BC8-39581F87748F}.Release|Any CPU.ActiveCfg = Release|Any CPU
		{ED2070E4-BC67-4E40-9BC8-39581F87748F}.Release|Any CPU.Build.0 = Release|Any CPU
		{DC711489-3976-4D8F-A259-3D27132BC283}.Debug|Any CPU.ActiveCfg = Debug|Any CPU
		{DC711489-3976-4D8F-A259-3D27132BC283}.Debug|Any CPU.Build.0 = Debug|Any CPU
		{DC711489-3976-4D8F-A259-3D27132BC283}.Release|Any CPU.ActiveCfg = Release|Any CPU
		{DC711489-3976-4D8F-A259-3D27132BC283}.Release|Any CPU.Build.0 = Release|Any CPU
	EndGlobalSection
	GlobalSection(NestedProjects) = preSolution
	EndGlobalSection
EndGlobal
